
Microsoft Visual Studio Solution File, Format Version 12.00
# Visual Studio 15
VisualStudioVersion = 15.0.26430.6
MinimumVisualStudioVersion = 10.0.40219.1
Project("{9A19103F-16F7-4668-BE54-9A1E7A4F7556}") = "Core", "Core\Core.csproj", "{4B6E5B0B-63EB-49A8-B057-1A8AECEE23E5}"
EndProject
Project("{9A19103F-16F7-4668-BE54-9A1E7A4F7556}") = "Geography", "Geography\Geography.csproj", "{6A23314E-D464-4F74-94F6-AC78DAF2675D}"
EndProject
Project("{9A19103F-16F7-4668-BE54-9A1E7A4F7556}") = "Tests", "Tests\Tests.csproj", "{24221512-984E-4FC3-BDC4-00683EBB4EA6}"
EndProject
Global
	GlobalSection(SolutionConfigurationPlatforms) = preSolution
		Debug|Any CPU = Debug|Any CPU
		Debug|Mixed Platforms = Debug|Mixed Platforms
		Debug|x86 = Debug|x86
		Release|Any CPU = Release|Any CPU
		Release|Mixed Platforms = Release|Mixed Platforms
		Release|x86 = Release|x86
	EndGlobalSection
	GlobalSection(ProjectConfigurationPlatforms) = postSolution
		{4B6E5B0B-63EB-49A8-B057-1A8AECEE23E5}.Debug|Any CPU.ActiveCfg = Debug|Any CPU
		{4B6E5B0B-63EB-49A8-B057-1A8AECEE23E5}.Debug|Any CPU.Build.0 = Debug|Any CPU
		{4B6E5B0B-63EB-49A8-B057-1A8AECEE23E5}.Debug|Mixed Platforms.ActiveCfg = Debug|Any CPU
		{4B6E5B0B-63EB-49A8-B057-1A8AECEE23E5}.Debug|Mixed Platforms.Build.0 = Debug|Any CPU
		{4B6E5B0B-63EB-49A8-B057-1A8AECEE23E5}.Debug|x86.ActiveCfg = Debug|Any CPU
		{4B6E5B0B-63EB-49A8-B057-1A8AECEE23E5}.Debug|x86.Build.0 = Debug|Any CPU
		{4B6E5B0B-63EB-49A8-B057-1A8AECEE23E5}.Release|Any CPU.ActiveCfg = Release|Any CPU
		{4B6E5B0B-63EB-49A8-B057-1A8AECEE23E5}.Release|Any CPU.Build.0 = Release|Any CPU
		{4B6E5B0B-63EB-49A8-B057-1A8AECEE23E5}.Release|Mixed Platforms.ActiveCfg = Release|Any CPU
		{4B6E5B0B-63EB-49A8-B057-1A8AECEE23E5}.Release|Mixed Platforms.Build.0 = Release|Any CPU
		{4B6E5B0B-63EB-49A8-B057-1A8AECEE23E5}.Release|x86.ActiveCfg = Release|Any CPU
		{4B6E5B0B-63EB-49A8-B057-1A8AECEE23E5}.Release|x86.Build.0 = Release|Any CPU
		{6A23314E-D464-4F74-94F6-AC78DAF2675D}.Debug|Any CPU.ActiveCfg = Debug|Any CPU
		{6A23314E-D464-4F74-94F6-AC78DAF2675D}.Debug|Any CPU.Build.0 = Debug|Any CPU
		{6A23314E-D464-4F74-94F6-AC78DAF2675D}.Debug|Mixed Platforms.ActiveCfg = Debug|Any CPU
		{6A23314E-D464-4F74-94F6-AC78DAF2675D}.Debug|Mixed Platforms.Build.0 = Debug|Any CPU
		{6A23314E-D464-4F74-94F6-AC78DAF2675D}.Debug|x86.ActiveCfg = Debug|Any CPU
		{6A23314E-D464-4F74-94F6-AC78DAF2675D}.Debug|x86.Build.0 = Debug|Any CPU
		{6A23314E-D464-4F74-94F6-AC78DAF2675D}.Release|Any CPU.ActiveCfg = Release|Any CPU
		{6A23314E-D464-4F74-94F6-AC78DAF2675D}.Release|Any CPU.Build.0 = Release|Any CPU
		{6A23314E-D464-4F74-94F6-AC78DAF2675D}.Release|Mixed Platforms.ActiveCfg = Release|Any CPU
		{6A23314E-D464-4F74-94F6-AC78DAF2675D}.Release|Mixed Platforms.Build.0 = Release|Any CPU
		{6A23314E-D464-4F74-94F6-AC78DAF2675D}.Release|x86.ActiveCfg = Release|Any CPU
		{6A23314E-D464-4F74-94F6-AC78DAF2675D}.Release|x86.Build.0 = Release|Any CPU
		{24221512-984E-4FC3-BDC4-00683EBB4EA6}.Debug|Any CPU.ActiveCfg = Debug|Any CPU
		{24221512-984E-4FC3-BDC4-00683EBB4EA6}.Debug|Any CPU.Build.0 = Debug|Any CPU
		{24221512-984E-4FC3-BDC4-00683EBB4EA6}.Debug|Mixed Platforms.ActiveCfg = Debug|Any CPU
		{24221512-984E-4FC3-BDC4-00683EBB4EA6}.Debug|Mixed Platforms.Build.0 = Debug|Any CPU
		{24221512-984E-4FC3-BDC4-00683EBB4EA6}.Debug|x86.ActiveCfg = Debug|Any CPU
		{24221512-984E-4FC3-BDC4-00683EBB4EA6}.Debug|x86.Build.0 = Debug|Any CPU
		{24221512-984E-4FC3-BDC4-00683EBB4EA6}.Release|Any CPU.ActiveCfg = Release|Any CPU
		{24221512-984E-4FC3-BDC4-00683EBB4EA6}.Release|Any CPU.Build.0 = Release|Any CPU
		{24221512-984E-4FC3-BDC4-00683EBB4EA6}.Release|Mixed Platforms.ActiveCfg = Release|Any CPU
		{24221512-984E-4FC3-BDC4-00683EBB4EA6}.Release|Mixed Platforms.Build.0 = Release|Any CPU
		{24221512-984E-4FC3-BDC4-00683EBB4EA6}.Release|x86.ActiveCfg = Release|Any CPU
		{24221512-984E-4FC3-BDC4-00683EBB4EA6}.Release|x86.Build.0 = Release|Any CPU
	EndGlobalSection
	GlobalSection(SolutionProperties) = preSolution
		HideSolutionNode = FALSE
	EndGlobalSection
EndGlobal
